
Microsoft Visual Studio Solution File, Format Version 12.00
# Visual Studio Version 17
VisualStudioVersion = 17.6.33829.357
MinimumVisualStudioVersion = 10.0.40219.1
Project("{9A19103F-16F7-4668-BE54-9A1E7A4F7556}") = "StockTracker", "StockTracker\StockTracker.csproj", "{FB8612D3-FBD6-477F-AEEC-A780B25FAF8C}"
EndProject
Project("{FAE04EC0-301F-11D3-BF4B-00C04F79EFBC}") = "StockTrackerConfigurator", "StockTrackerConfigurator\StockTrackerConfigurator.csproj", "{4A0B3058-8AA5-48FF-8211-959AE8E4F3CF}"
EndProject
Global
	GlobalSection(SolutionConfigurationPlatforms) = preSolution
		Debug|Any CPU = Debug|Any CPU
		Release|Any CPU = Release|Any CPU
	EndGlobalSection
	GlobalSection(ProjectConfigurationPlatforms) = postSolution
		{FB8612D3-FBD6-477F-AEEC-A780B25FAF8C}.Debug|Any CPU.ActiveCfg = Debug|Any CPU
		{FB8612D3-FBD6-477F-AEEC-A780B25FAF8C}.Debug|Any CPU.Build.0 = Debug|Any CPU
		{FB8612D3-FBD6-477F-AEEC-A780B25FAF8C}.Release|Any CPU.ActiveCfg = Release|Any CPU
		{FB8612D3-FBD6-477F-AEEC-A780B25FAF8C}.Release|Any CPU.Build.0 = Release|Any CPU
		{4A0B3058-8AA5-48FF-8211-959AE8E4F3CF}.Debug|Any CPU.ActiveCfg = Debug|Any CPU
		{4A0B3058-8AA5-48FF-8211-959AE8E4F3CF}.Debug|Any CPU.Build.0 = Debug|Any CPU
		{4A0B3058-8AA5-48FF-8211-959AE8E4F3CF}.Release|Any CPU.ActiveCfg = Release|Any CPU
		{4A0B3058-8AA5-48FF-8211-959AE8E4F3CF}.Release|Any CPU.Build.0 = Release|Any CPU
	EndGlobalSection
	GlobalSection(SolutionProperties) = preSolution
		HideSolutionNode = FALSE
	EndGlobalSection
	GlobalSection(ExtensibilityGlobals) = postSolution
		SolutionGuid = {8FB99039-42CB-4005-AFCE-526730A39B05}
	EndGlobalSection
EndGlobal
